
Microsoft Visual Studio Solution File, Format Version 12.00
# Visual Studio Version 17
VisualStudioVersion = 17.14.36414.22 d17.14
MinimumVisualStudioVersion = 10.0.40219.1
Project("{FAE04EC0-301F-11D3-BF4B-00C04F79EFBC}") = "ControleEmprestimos", "ControleEmprestimos.csproj", "{BFBEEA4E-7508-48FC-6C32-A249EA9C64BA}"
EndProject
Global
	GlobalSection(SolutionConfigurationPlatforms) = preSolution
		Debug|Any CPU = Debug|Any CPU
		Release|Any CPU = Release|Any CPU
	EndGlobalSection
	GlobalSection(ProjectConfigurationPlatforms) = postSolution
		{BFBEEA4E-7508-48FC-6C32-A249EA9C64BA}.Debug|Any CPU.ActiveCfg = Debug|Any CPU
		{BFBEEA4E-7508-48FC-6C32-A249EA9C64BA}.Debug|Any CPU.Build.0 = Debug|Any CPU
		{BFBEEA4E-7508-48FC-6C32-A249EA9C64BA}.Release|Any CPU.ActiveCfg = Release|Any CPU
		{BFBEEA4E-7508-48FC-6C32-A249EA9C64BA}.Release|Any CPU.Build.0 = Release|Any CPU
	EndGlobalSection
	GlobalSection(SolutionProperties) = preSolution
		HideSolutionNode = FALSE
	EndGlobalSection
	GlobalSection(ExtensibilityGlobals) = postSolution
		SolutionGuid = {997618EE-3222-412F-8A24-6705A31BB8C4}
	EndGlobalSection
EndGlobal
